
Microsoft Visual Studio Solution File, Format Version 12.00
# Visual Studio Version 16
VisualStudioVersion = 16.0.30011.22
MinimumVisualStudioVersion = 10.0.40219.1
Project("{FAE04EC0-301F-11D3-BF4B-00C04F79EFBC}") = "HDV_Online", "HDV_Online.csproj", "{8965E1EB-BAD9-4099-821B-6CD568F66AED}"
EndProject
Global
	GlobalSection(SolutionConfigurationPlatforms) = preSolution
		Debug|Any CPU = Debug|Any CPU
		Release|Any CPU = Release|Any CPU
	EndGlobalSection
	GlobalSection(ProjectConfigurationPlatforms) = postSolution
		{8965E1EB-BAD9-4099-821B-6CD568F66AED}.Debug|Any CPU.ActiveCfg = Debug|Any CPU
		{8965E1EB-BAD9-4099-821B-6CD568F66AED}.Debug|Any CPU.Build.0 = Debug|Any CPU
		{8965E1EB-BAD9-4099-821B-6CD568F66AED}.Release|Any CPU.ActiveCfg = Release|Any CPU
		{8965E1EB-BAD9-4099-821B-6CD568F66AED}.Release|Any CPU.Build.0 = Release|Any CPU
	EndGlobalSection
	GlobalSection(SolutionProperties) = preSolution
		HideSolutionNode = FALSE
	EndGlobalSection
	GlobalSection(ExtensibilityGlobals) = postSolution
		SolutionGuid = {CB053ECC-7C30-4896-857D-CD89E2548EBF}
	EndGlobalSection
EndGlobal
